// !$*UTF8*$!
{
	archiveVersion = 1;
	classes = {
	};
	objectVersion = 56;
	objects = {

/* Begin PBXBuildFile section */
		43D186A72C2D7BF100B90430 /* APIHelper.swift in Sources */ = {isa = PBXBuildFile; fileRef = 43D186942C2D7BF100B90430 /* APIHelper.swift */; };
		43D186A82C2D7BF100B90430 /* URLSessionImplementations.swift in Sources */ = {isa = PBXBuildFile; fileRef = 43D186952C2D7BF100B90430 /* URLSessionImplementations.swift */; };
		43D186A92C2D7BF100B90430 /* ArticlesAPI.swift in Sources */ = {isa = PBXBuildFile; fileRef = 43D186972C2D7BF100B90430 /* ArticlesAPI.swift */; };
		43D186AA2C2D7BF100B90430 /* CodableHelper.swift in Sources */ = {isa = PBXBuildFile; fileRef = 43D186982C2D7BF100B90430 /* CodableHelper.swift */; };
		43D186AB2C2D7BF100B90430 /* APIs.swift in Sources */ = {isa = PBXBuildFile; fileRef = 43D186992C2D7BF100B90430 /* APIs.swift */; };
		43D186AC2C2D7BF100B90430 /* OpenISO8601DateFormatter.swift in Sources */ = {isa = PBXBuildFile; fileRef = 43D1869A2C2D7BF100B90430 /* OpenISO8601DateFormatter.swift */; };
		43D186AD2C2D7BF100B90430 /* Source.swift in Sources */ = {isa = PBXBuildFile; fileRef = 43D1869C2C2D7BF100B90430 /* Source.swift */; };
		43D186AE2C2D7BF100B90430 /* ArticleList.swift in Sources */ = {isa = PBXBuildFile; fileRef = 43D1869D2C2D7BF100B90430 /* ArticleList.swift */; };
		43D186AF2C2D7BF100B90430 /* Article.swift in Sources */ = {isa = PBXBuildFile; fileRef = 43D1869E2C2D7BF100B90430 /* Article.swift */; };
		43D186B02C2D7BF100B90430 /* ErrorModel.swift in Sources */ = {isa = PBXBuildFile; fileRef = 43D1869F2C2D7BF100B90430 /* ErrorModel.swift */; };
		43D186B12C2D7BF100B90430 /* Extensions.swift in Sources */ = {isa = PBXBuildFile; fileRef = 43D186A02C2D7BF100B90430 /* Extensions.swift */; };
		43D186B22C2D7BF100B90430 /* Validation.swift in Sources */ = {isa = PBXBuildFile; fileRef = 43D186A12C2D7BF100B90430 /* Validation.swift */; };
		43D186B32C2D7BF100B90430 /* JSONDataEncoding.swift in Sources */ = {isa = PBXBuildFile; fileRef = 43D186A22C2D7BF100B90430 /* JSONDataEncoding.swift */; };
		43D186B42C2D7BF100B90430 /* JSONEncodingHelper.swift in Sources */ = {isa = PBXBuildFile; fileRef = 43D186A32C2D7BF100B90430 /* JSONEncodingHelper.swift */; };
		43D186B52C2D7BF100B90430 /* Models.swift in Sources */ = {isa = PBXBuildFile; fileRef = 43D186A42C2D7BF100B90430 /* Models.swift */; };
		43D186B62C2D7BF100B90430 /* SynchronizedDictionary.swift in Sources */ = {isa = PBXBuildFile; fileRef = 43D186A52C2D7BF100B90430 /* SynchronizedDictionary.swift */; };
		43D186B72C2D7BF100B90430 /* Configuration.swift in Sources */ = {isa = PBXBuildFile; fileRef = 43D186A62C2D7BF100B90430 /* Configuration.swift */; };
		43FA5ABD2C1AC48700E921A1 /* Otus_HWApp.swift in Sources */ = {isa = PBXBuildFile; fileRef = 43FA5ABC2C1AC48700E921A1 /* Otus_HWApp.swift */; };
		43FA5ABF2C1AC48700E921A1 /* ContentView.swift in Sources */ = {isa = PBXBuildFile; fileRef = 43FA5ABE2C1AC48700E921A1 /* ContentView.swift */; };
		43FA5AC12C1AC48800E921A1 /* Assets.xcassets in Resources */ = {isa = PBXBuildFile; fileRef = 43FA5AC02C1AC48800E921A1 /* Assets.xcassets */; };
		43FA5AC42C1AC48800E921A1 /* Preview Assets.xcassets in Resources */ = {isa = PBXBuildFile; fileRef = 43FA5AC32C1AC48800E921A1 /* Preview Assets.xcassets */; };
/* End PBXBuildFile section */

/* Begin PBXFileReference section */
		43D186942C2D7BF100B90430 /* APIHelper.swift */ = {isa = PBXFileReference; fileEncoding = 4; lastKnownFileType = sourcecode.swift; path = APIHelper.swift; sourceTree = "<group>"; };
		43D186952C2D7BF100B90430 /* URLSessionImplementations.swift */ = {isa = PBXFileReference; fileEncoding = 4; lastKnownFileType = sourcecode.swift; path = URLSessionImplementations.swift; sourceTree = "<group>"; };
		43D186972C2D7BF100B90430 /* ArticlesAPI.swift */ = {isa = PBXFileReference; fileEncoding = 4; lastKnownFileType = sourcecode.swift; path = ArticlesAPI.swift; sourceTree = "<group>"; };
		43D186982C2D7BF100B90430 /* CodableHelper.swift */ = {isa = PBXFileReference; fileEncoding = 4; lastKnownFileType = sourcecode.swift; path = CodableHelper.swift; sourceTree = "<group>"; };
		43D186992C2D7BF100B90430 /* APIs.swift */ = {isa = PBXFileReference; fileEncoding = 4; lastKnownFileType = sourcecode.swift; path = APIs.swift; sourceTree = "<group>"; };
		43D1869A2C2D7BF100B90430 /* OpenISO8601DateFormatter.swift */ = {isa = PBXFileReference; fileEncoding = 4; lastKnownFileType = sourcecode.swift; path = OpenISO8601DateFormatter.swift; sourceTree = "<group>"; };
		43D1869C2C2D7BF100B90430 /* Source.swift */ = {isa = PBXFileReference; fileEncoding = 4; lastKnownFileType = sourcecode.swift; path = Source.swift; sourceTree = "<group>"; };
		43D1869D2C2D7BF100B90430 /* ArticleList.swift */ = {isa = PBXFileReference; fileEncoding = 4; lastKnownFileType = sourcecode.swift; path = ArticleList.swift; sourceTree = "<group>"; };
		43D1869E2C2D7BF100B90430 /* Article.swift */ = {isa = PBXFileReference; fileEncoding = 4; lastKnownFileType = sourcecode.swift; path = Article.swift; sourceTree = "<group>"; };
		43D1869F2C2D7BF100B90430 /* ErrorModel.swift */ = {isa = PBXFileReference; fileEncoding = 4; lastKnownFileType = sourcecode.swift; path = ErrorModel.swift; sourceTree = "<group>"; };
		43D186A02C2D7BF100B90430 /* Extensions.swift */ = {isa = PBXFileReference; fileEncoding = 4; lastKnownFileType = sourcecode.swift; path = Extensions.swift; sourceTree = "<group>"; };
		43D186A12C2D7BF100B90430 /* Validation.swift */ = {isa = PBXFileReference; fileEncoding = 4; lastKnownFileType = sourcecode.swift; path = Validation.swift; sourceTree = "<group>"; };
		43D186A22C2D7BF100B90430 /* JSONDataEncoding.swift */ = {isa = PBXFileReference; fileEncoding = 4; lastKnownFileType = sourcecode.swift; path = JSONDataEncoding.swift; sourceTree = "<group>"; };
		43D186A32C2D7BF100B90430 /* JSONEncodingHelper.swift */ = {isa = PBXFileReference; fileEncoding = 4; lastKnownFileType = sourcecode.swift; path = JSONEncodingHelper.swift; sourceTree = "<group>"; };
		43D186A42C2D7BF100B90430 /* Models.swift */ = {isa = PBXFileReference; fileEncoding = 4; lastKnownFileType = sourcecode.swift; path = Models.swift; sourceTree = "<group>"; };
		43D186A52C2D7BF100B90430 /* SynchronizedDictionary.swift */ = {isa = PBXFileReference; fileEncoding = 4; lastKnownFileType = sourcecode.swift; path = SynchronizedDictionary.swift; sourceTree = "<group>"; };
		43D186A62C2D7BF100B90430 /* Configuration.swift */ = {isa = PBXFileReference; fileEncoding = 4; lastKnownFileType = sourcecode.swift; path = Configuration.swift; sourceTree = "<group>"; };
		43FA5AB92C1AC48700E921A1 /* Otus_HW.app */ = {isa = PBXFileReference; explicitFileType = wrapper.application; includeInIndex = 0; path = Otus_HW.app; sourceTree = BUILT_PRODUCTS_DIR; };
		43FA5ABC2C1AC48700E921A1 /* Otus_HWApp.swift */ = {isa = PBXFileReference; lastKnownFileType = sourcecode.swift; path = Otus_HWApp.swift; sourceTree = "<group>"; };
		43FA5ABE2C1AC48700E921A1 /* ContentView.swift */ = {isa = PBXFileReference; lastKnownFileType = sourcecode.swift; path = ContentView.swift; sourceTree = "<group>"; };
		43FA5AC02C1AC48800E921A1 /* Assets.xcassets */ = {isa = PBXFileReference; lastKnownFileType = folder.assetcatalog; path = Assets.xcassets; sourceTree = "<group>"; };
		43FA5AC32C1AC48800E921A1 /* Preview Assets.xcassets */ = {isa = PBXFileReference; lastKnownFileType = folder.assetcatalog; path = "Preview Assets.xcassets"; sourceTree = "<group>"; };
/* End PBXFileReference section */

/* Begin PBXFrameworksBuildPhase section */
		43FA5AB62C1AC48700E921A1 /* Frameworks */ = {
			isa = PBXFrameworksBuildPhase;
			buildActionMask = 2147483647;
			files = (
			);
			runOnlyForDeploymentPostprocessing = 0;
		};
/* End PBXFrameworksBuildPhase section */

/* Begin PBXGroup section */
		43D186912C2D7BF100B90430 /* OpenAPIClient */ = {
			isa = PBXGroup;
			children = (
				43D186922C2D7BF100B90430 /* Classes */,
			);
			path = OpenAPIClient;
			sourceTree = "<group>";
		};
		43D186922C2D7BF100B90430 /* Classes */ = {
			isa = PBXGroup;
			children = (
				43D186932C2D7BF100B90430 /* OpenAPIs */,
			);
			path = Classes;
			sourceTree = "<group>";
		};
		43D186932C2D7BF100B90430 /* OpenAPIs */ = {
			isa = PBXGroup;
			children = (
				43D186942C2D7BF100B90430 /* APIHelper.swift */,
				43D186952C2D7BF100B90430 /* URLSessionImplementations.swift */,
				43D186962C2D7BF100B90430 /* APIs */,
				43D186982C2D7BF100B90430 /* CodableHelper.swift */,
				43D186992C2D7BF100B90430 /* APIs.swift */,
				43D1869A2C2D7BF100B90430 /* OpenISO8601DateFormatter.swift */,
				43D1869B2C2D7BF100B90430 /* Models */,
				43D186A02C2D7BF100B90430 /* Extensions.swift */,
				43D186A12C2D7BF100B90430 /* Validation.swift */,
				43D186A22C2D7BF100B90430 /* JSONDataEncoding.swift */,
				43D186A32C2D7BF100B90430 /* JSONEncodingHelper.swift */,
				43D186A42C2D7BF100B90430 /* Models.swift */,
				43D186A52C2D7BF100B90430 /* SynchronizedDictionary.swift */,
				43D186A62C2D7BF100B90430 /* Configuration.swift */,
			);
			path = OpenAPIs;
			sourceTree = "<group>";
		};
		43D186962C2D7BF100B90430 /* APIs */ = {
			isa = PBXGroup;
			children = (
				43D186972C2D7BF100B90430 /* ArticlesAPI.swift */,
			);
			path = APIs;
			sourceTree = "<group>";
		};
		43D1869B2C2D7BF100B90430 /* Models */ = {
			isa = PBXGroup;
			children = (
				43D1869C2C2D7BF100B90430 /* Source.swift */,
				43D1869D2C2D7BF100B90430 /* ArticleList.swift */,
				43D1869E2C2D7BF100B90430 /* Article.swift */,
				43D1869F2C2D7BF100B90430 /* ErrorModel.swift */,
			);
			path = Models;
			sourceTree = "<group>";
		};
		43FA5AB02C1AC48700E921A1 = {
			isa = PBXGroup;
			children = (
				43FA5ABB2C1AC48700E921A1 /* Otus_HW */,
				43FA5ABA2C1AC48700E921A1 /* Products */,
			);
			sourceTree = "<group>";
		};
		43FA5ABA2C1AC48700E921A1 /* Products */ = {
			isa = PBXGroup;
			children = (
				43FA5AB92C1AC48700E921A1 /* Otus_HW.app */,
			);
			name = Products;
			sourceTree = "<group>";
		};
		43FA5ABB2C1AC48700E921A1 /* Otus_HW */ = {
			isa = PBXGroup;
			children = (
				43D186912C2D7BF100B90430 /* OpenAPIClient */,
				43FA5ABC2C1AC48700E921A1 /* Otus_HWApp.swift */,
				43FA5ABE2C1AC48700E921A1 /* ContentView.swift */,
				43FA5AC02C1AC48800E921A1 /* Assets.xcassets */,
				43FA5AC22C1AC48800E921A1 /* Preview Content */,
			);
			path = Otus_HW;
			sourceTree = "<group>";
		};
		43FA5AC22C1AC48800E921A1 /* Preview Content */ = {
			isa = PBXGroup;
			children = (
				43FA5AC32C1AC48800E921A1 /* Preview Assets.xcassets */,
			);
			path = "Preview Content";
			sourceTree = "<group>";
		};
/* End PBXGroup section */

/* Begin PBXNativeTarget section */
		43FA5AB82C1AC48700E921A1 /* Otus_HW */ = {
			isa = PBXNativeTarget;
			buildConfigurationList = 43FA5AC72C1AC48800E921A1 /* Build configuration list for PBXNativeTarget "Otus_HW" */;
			buildPhases = (
				43FA5AB52C1AC48700E921A1 /* Sources */,
				43FA5AB62C1AC48700E921A1 /* Frameworks */,
				43FA5AB72C1AC48700E921A1 /* Resources */,
			);
			buildRules = (
			);
			dependencies = (
			);
			name = Otus_HW;
			productName = Otus_HW;
			productReference = 43FA5AB92C1AC48700E921A1 /* Otus_HW.app */;
			productType = "com.apple.product-type.application";
		};
/* End PBXNativeTarget section */

/* Begin PBXProject section */
		43FA5AB12C1AC48700E921A1 /* Project object */ = {
			isa = PBXProject;
			attributes = {
				BuildIndependentTargetsInParallel = 1;
				LastSwiftUpdateCheck = 1500;
				LastUpgradeCheck = 1500;
				TargetAttributes = {
					43FA5AB82C1AC48700E921A1 = {
						CreatedOnToolsVersion = 15.0;
					};
				};
			};
			buildConfigurationList = 43FA5AB42C1AC48700E921A1 /* Build configuration list for PBXProject "Otus_HW" */;
			compatibilityVersion = "Xcode 14.0";
			developmentRegion = en;
			hasScannedForEncodings = 0;
			knownRegions = (
				en,
				Base,
			);
			mainGroup = 43FA5AB02C1AC48700E921A1;
			productRefGroup = 43FA5ABA2C1AC48700E921A1 /* Products */;
			projectDirPath = "";
			projectRoot = "";
			targets = (
				43FA5AB82C1AC48700E921A1 /* Otus_HW */,
			);
		};
/* End PBXProject section */

/* Begin PBXResourcesBuildPhase section */
		43FA5AB72C1AC48700E921A1 /* Resources */ = {
			isa = PBXResourcesBuildPhase;
			buildActionMask = 2147483647;
			files = (
				43FA5AC42C1AC48800E921A1 /* Preview Assets.xcassets in Resources */,
				43FA5AC12C1AC48800E921A1 /* Assets.xcassets in Resources */,
			);
			runOnlyForDeploymentPostprocessing = 0;
		};
/* End PBXResourcesBuildPhase section */

/* Begin PBXSourcesBuildPhase section */
		43FA5AB52C1AC48700E921A1 /* Sources */ = {
			isa = PBXSourcesBuildPhase;
			buildActionMask = 2147483647;
			files = (
				43D186AF2C2D7BF100B90430 /* Article.swift in Sources */,
				43D186B52C2D7BF100B90430 /* Models.swift in Sources */,
				43D186A72C2D7BF100B90430 /* APIHelper.swift in Sources */,
				43D186B72C2D7BF100B90430 /* Configuration.swift in Sources */,
				43D186AB2C2D7BF100B90430 /* APIs.swift in Sources */,
				43D186AE2C2D7BF100B90430 /* ArticleList.swift in Sources */,
				43D186B42C2D7BF100B90430 /* JSONEncodingHelper.swift in Sources */,
				43FA5ABF2C1AC48700E921A1 /* ContentView.swift in Sources */,
				43D186A82C2D7BF100B90430 /* URLSessionImplementations.swift in Sources */,
				43D186B22C2D7BF100B90430 /* Validation.swift in Sources */,
				43D186B02C2D7BF100B90430 /* ErrorModel.swift in Sources */,
				43D186A92C2D7BF100B90430 /* ArticlesAPI.swift in Sources */,
				43D186B62C2D7BF100B90430 /* SynchronizedDictionary.swift in Sources */,
				43D186B12C2D7BF100B90430 /* Extensions.swift in Sources */,
				43D186B32C2D7BF100B90430 /* JSONDataEncoding.swift in Sources */,
				43D186AD2C2D7BF100B90430 /* Source.swift in Sources */,
				43D186AA2C2D7BF100B90430 /* CodableHelper.swift in Sources */,
				43FA5ABD2C1AC48700E921A1 /* Otus_HWApp.swift in Sources */,
				43D186AC2C2D7BF100B90430 /* OpenISO8601DateFormatter.swift in Sources */,
			);
			runOnlyForDeploymentPostprocessing = 0;
		};
/* End PBXSourcesBuildPhase section */

/* Begin XCBuildConfiguration section */
		43FA5AC52C1AC48800E921A1 /* Debug */ = {
			isa = XCBuildConfiguration;
			buildSettings = {
				ALWAYS_SEARCH_USER_PATHS = NO;
				ASSETCATALOG_COMPILER_GENERATE_SWIFT_ASSET_SYMBOL_EXTENSIONS = YES;
				CLANG_ANALYZER_NONNULL = YES;
				CLANG_ANALYZER_NUMBER_OBJECT_CONVERSION = YES_AGGRESSIVE;
				CLANG_CXX_LANGUAGE_STANDARD = "gnu++20";
				CLANG_ENABLE_MODULES = YES;
				CLANG_ENABLE_OBJC_ARC = YES;
				CLANG_ENABLE_OBJC_WEAK = YES;
				CLANG_WARN_BLOCK_CAPTURE_AUTORELEASING = YES;
				CLANG_WARN_BOOL_CONVERSION = YES;
				CLANG_WARN_COMMA = YES;
				CLANG_WARN_CONSTANT_CONVERSION = YES;
				CLANG_WARN_DEPRECATED_OBJC_IMPLEMENTATIONS = YES;
				CLANG_WARN_DIRECT_OBJC_ISA_USAGE = YES_ERROR;
				CLANG_WARN_DOCUMENTATION_COMMENTS = YES;
				CLANG_WARN_EMPTY_BODY = YES;
				CLANG_WARN_ENUM_CONVERSION = YES;
				CLANG_WARN_INFINITE_RECURSION = YES;
				CLANG_WARN_INT_CONVERSION = YES;
				CLANG_WARN_NON_LITERAL_NULL_CONVERSION = YES;
				CLANG_WARN_OBJC_IMPLICIT_RETAIN_SELF = YES;
				CLANG_WARN_OBJC_LITERAL_CONVERSION = YES;
				CLANG_WARN_OBJC_ROOT_CLASS = YES_ERROR;
				CLANG_WARN_QUOTED_INCLUDE_IN_FRAMEWORK_HEADER = YES;
				CLANG_WARN_RANGE_LOOP_ANALYSIS = YES;
				CLANG_WARN_STRICT_PROTOTYPES = YES;
				CLANG_WARN_SUSPICIOUS_MOVE = YES;
				CLANG_WARN_UNGUARDED_AVAILABILITY = YES_AGGRESSIVE;
				CLANG_WARN_UNREACHABLE_CODE = YES;
				CLANG_WARN__DUPLICATE_METHOD_MATCH = YES;
				COPY_PHASE_STRIP = NO;
				DEBUG_INFORMATION_FORMAT = dwarf;
				ENABLE_STRICT_OBJC_MSGSEND = YES;
				ENABLE_TESTABILITY = YES;
				ENABLE_USER_SCRIPT_SANDBOXING = YES;
				GCC_C_LANGUAGE_STANDARD = gnu17;
				GCC_DYNAMIC_NO_PIC = NO;
				GCC_NO_COMMON_BLOCKS = YES;
				GCC_OPTIMIZATION_LEVEL = 0;
				GCC_PREPROCESSOR_DEFINITIONS = (
					"DEBUG=1",
					"$(inherited)",
				);
				GCC_WARN_64_TO_32_BIT_CONVERSION = YES;
				GCC_WARN_ABOUT_RETURN_TYPE = YES_ERROR;
				GCC_WARN_UNDECLARED_SELECTOR = YES;
				GCC_WARN_UNINITIALIZED_AUTOS = YES_AGGRESSIVE;
				GCC_WARN_UNUSED_FUNCTION = YES;
				GCC_WARN_UNUSED_VARIABLE = YES;
				IPHONEOS_DEPLOYMENT_TARGET = 17.0;
				LOCALIZATION_PREFERS_STRING_CATALOGS = YES;
				MTL_ENABLE_DEBUG_INFO = INCLUDE_SOURCE;
				MTL_FAST_MATH = YES;
				ONLY_ACTIVE_ARCH = YES;
				SDKROOT = iphoneos;
				SWIFT_ACTIVE_COMPILATION_CONDITIONS = "DEBUG $(inherited)";
				SWIFT_OPTIMIZATION_LEVEL = "-Onone";
			};
			name = Debug;
		};
		43FA5AC62C1AC48800E921A1 /* Release */ = {
			isa = XCBuildConfiguration;
			buildSettings = {
				ALWAYS_SEARCH_USER_PATHS = NO;
				ASSETCATALOG_COMPILER_GENERATE_SWIFT_ASSET_SYMBOL_EXTENSIONS = YES;
				CLANG_ANALYZER_NONNULL = YES;
				CLANG_ANALYZER_NUMBER_OBJECT_CONVERSION = YES_AGGRESSIVE;
				CLANG_CXX_LANGUAGE_STANDARD = "gnu++20";
				CLANG_ENABLE_MODULES = YES;
				CLANG_ENABLE_OBJC_ARC = YES;
				CLANG_ENABLE_OBJC_WEAK = YES;
				CLANG_WARN_BLOCK_CAPTURE_AUTORELEASING = YES;
				CLANG_WARN_BOOL_CONVERSION = YES;
				CLANG_WARN_COMMA = YES;
				CLANG_WARN_CONSTANT_CONVERSION = YES;
				CLANG_WARN_DEPRECATED_OBJC_IMPLEMENTATIONS = YES;
				CLANG_WARN_DIRECT_OBJC_ISA_USAGE = YES_ERROR;
				CLANG_WARN_DOCUMENTATION_COMMENTS = YES;
				CLANG_WARN_EMPTY_BODY = YES;
				CLANG_WARN_ENUM_CONVERSION = YES;
				CLANG_WARN_INFINITE_RECURSION = YES;
				CLANG_WARN_INT_CONVERSION = YES;
				CLANG_WARN_NON_LITERAL_NULL_CONVERSION = YES;
				CLANG_WARN_OBJC_IMPLICIT_RETAIN_SELF = YES;
				CLANG_WARN_OBJC_LITERAL_CONVERSION = YES;
				CLANG_WARN_OBJC_ROOT_CLASS = YES_ERROR;
				CLANG_WARN_QUOTED_INCLUDE_IN_FRAMEWORK_HEADER = YES;
				CLANG_WARN_RANGE_LOOP_ANALYSIS = YES;
				CLANG_WARN_STRICT_PROTOTYPES = YES;
				CLANG_WARN_SUSPICIOUS_MOVE = YES;
				CLANG_WARN_UNGUARDED_AVAILABILITY = YES_AGGRESSIVE;
				CLANG_WARN_UNREACHABLE_CODE = YES;
				CLANG_WARN__DUPLICATE_METHOD_MATCH = YES;
				COPY_PHASE_STRIP = NO;
				DEBUG_INFORMATION_FORMAT = "dwarf-with-dsym";
				ENABLE_NS_ASSERTIONS = NO;
				ENABLE_STRICT_OBJC_MSGSEND = YES;
				ENABLE_USER_SCRIPT_SANDBOXING = YES;
				GCC_C_LANGUAGE_STANDARD = gnu17;
				GCC_NO_COMMON_BLOCKS = YES;
				GCC_WARN_64_TO_32_BIT_CONVERSION = YES;
				GCC_WARN_ABOUT_RETURN_TYPE = YES_ERROR;
				GCC_WARN_UNDECLARED_SELECTOR = YES;
				GCC_WARN_UNINITIALIZED_AUTOS = YES_AGGRESSIVE;
				GCC_WARN_UNUSED_FUNCTION = YES;
				GCC_WARN_UNUSED_VARIABLE = YES;
				IPHONEOS_DEPLOYMENT_TARGET = 17.0;
				LOCALIZATION_PREFERS_STRING_CATALOGS = YES;
				MTL_ENABLE_DEBUG_INFO = NO;
				MTL_FAST_MATH = YES;
				SDKROOT = iphoneos;
				SWIFT_COMPILATION_MODE = wholemodule;
				VALIDATE_PRODUCT = YES;
			};
			name = Release;
		};
		43FA5AC82C1AC48800E921A1 /* Debug */ = {
			isa = XCBuildConfiguration;
			buildSettings = {
				ASSETCATALOG_COMPILER_APPICON_NAME = AppIcon;
				ASSETCATALOG_COMPILER_GLOBAL_ACCENT_COLOR_NAME = AccentColor;
				CODE_SIGN_STYLE = Automatic;
				CURRENT_PROJECT_VERSION = 1;
				DEVELOPMENT_ASSET_PATHS = "\"Otus_HW/Preview Content\"";
				DEVELOPMENT_TEAM = 5VBQ98K5MQ;
				ENABLE_PREVIEWS = YES;
				GENERATE_INFOPLIST_FILE = YES;
				INFOPLIST_KEY_UIApplicationSceneManifest_Generation = YES;
				INFOPLIST_KEY_UIApplicationSupportsIndirectInputEvents = YES;
				INFOPLIST_KEY_UILaunchScreen_Generation = YES;
				INFOPLIST_KEY_UISupportedInterfaceOrientations_iPad = "UIInterfaceOrientationPortrait UIInterfaceOrientationPortraitUpsideDown UIInterfaceOrientationLandscapeLeft UIInterfaceOrientationLandscapeRight";
				INFOPLIST_KEY_UISupportedInterfaceOrientations_iPhone = "UIInterfaceOrientationPortrait UIInterfaceOrientationLandscapeLeft UIInterfaceOrientationLandscapeRight";
				LD_RUNPATH_SEARCH_PATHS = (
					"$(inherited)",
					"@executable_path/Frameworks",
				);
				MARKETING_VERSION = 1.0;
				PRODUCT_BUNDLE_IDENTIFIER = "K2.Otus-HW";
				PRODUCT_NAME = "$(TARGET_NAME)";
				SWIFT_EMIT_LOC_STRINGS = YES;
				SWIFT_VERSION = 5.0;
				TARGETED_DEVICE_FAMILY = "1,2";
			};
			name = Debug;
		};
		43FA5AC92C1AC48800E921A1 /* Release */ = {
			isa = XCBuildConfiguration;
			buildSettings = {
				ASSETCATALOG_COMPILER_APPICON_NAME = AppIcon;
				ASSETCATALOG_COMPILER_GLOBAL_ACCENT_COLOR_NAME = AccentColor;
				CODE_SIGN_STYLE = Automatic;
				CURRENT_PROJECT_VERSION = 1;
				DEVELOPMENT_ASSET_PATHS = "\"Otus_HW/Preview Content\"";
				DEVELOPMENT_TEAM = 5VBQ98K5MQ;
				ENABLE_PREVIEWS = YES;
				GENERATE_INFOPLIST_FILE = YES;
				INFOPLIST_KEY_UIApplicationSceneManifest_Generation = YES;
				INFOPLIST_KEY_UIApplicationSupportsIndirectInputEvents = YES;
				INFOPLIST_KEY_UILaunchScreen_Generation = YES;
				INFOPLIST_KEY_UISupportedInterfaceOrientations_iPad = "UIInterfaceOrientationPortrait UIInterfaceOrientationPortraitUpsideDown UIInterfaceOrientationLandscapeLeft UIInterfaceOrientationLandscapeRight";
				INFOPLIST_KEY_UISupportedInterfaceOrientations_iPhone = "UIInterfaceOrientationPortrait UIInterfaceOrientationLandscapeLeft UIInterfaceOrientationLandscapeRight";
				LD_RUNPATH_SEARCH_PATHS = (
					"$(inherited)",
					"@executable_path/Frameworks",
				);
				MARKETING_VERSION = 1.0;
				PRODUCT_BUNDLE_IDENTIFIER = "K2.Otus-HW";
				PRODUCT_NAME = "$(TARGET_NAME)";
				SWIFT_EMIT_LOC_STRINGS = YES;
				SWIFT_VERSION = 5.0;
				TARGETED_DEVICE_FAMILY = "1,2";
			};
			name = Release;
		};
/* End XCBuildConfiguration section */

/* Begin XCConfigurationList section */
		43FA5AB42C1AC48700E921A1 /* Build configuration list for PBXProject "Otus_HW" */ = {
			isa = XCConfigurationList;
			buildConfigurations = (
				43FA5AC52C1AC48800E921A1 /* Debug */,
				43FA5AC62C1AC48800E921A1 /* Release */,
			);
			defaultConfigurationIsVisible = 0;
			defaultConfigurationName = Release;
		};
		43FA5AC72C1AC48800E921A1 /* Build configuration list for PBXNativeTarget "Otus_HW" */ = {
			isa = XCConfigurationList;
			buildConfigurations = (
				43FA5AC82C1AC48800E921A1 /* Debug */,
				43FA5AC92C1AC48800E921A1 /* Release */,
			);
			defaultConfigurationIsVisible = 0;
			defaultConfigurationName = Release;
		};
/* End XCConfigurationList section */
	};
	rootObject = 43FA5AB12C1AC48700E921A1 /* Project object */;
}
